// !$*UTF8*$!
{
	archiveVersion = 1;
	classes = {
	};
	objectVersion = 56;
	objects = {

/* Begin PBXBuildFile section */
		5C10C9F52B26667C000B1BA6 /* MacScaffoldApp.swift in Sources */ = {isa = PBXBuildFile; fileRef = 5C10C9F42B26667C000B1BA6 /* MacScaffoldApp.swift */; };
		5C10C9F72B26667C000B1BA6 /* ContentView.swift in Sources */ = {isa = PBXBuildFile; fileRef = 5C10C9F62B26667C000B1BA6 /* ContentView.swift */; };
		5C10C9F92B26667F000B1BA6 /* Assets.xcassets in Resources */ = {isa = PBXBuildFile; fileRef = 5C10C9F82B26667F000B1BA6 /* Assets.xcassets */; };
		5C10C9FC2B26667F000B1BA6 /* Preview Assets.xcassets in Resources */ = {isa = PBXBuildFile; fileRef = 5C10C9FB2B26667F000B1BA6 /* Preview Assets.xcassets */; };
		5C10CA052B26697E000B1BA6 /* Replicate in Frameworks */ = {isa = PBXBuildFile; productRef = 5C10CA042B26697E000B1BA6 /* Replicate */; };
		5C10CA072B267328000B1BA6 /* SettingsView.swift in Sources */ = {isa = PBXBuildFile; fileRef = 5C10CA062B267328000B1BA6 /* SettingsView.swift */; };
/* End PBXBuildFile section */

/* Begin PBXFileReference section */
		5C10C9F12B26667C000B1BA6 /* MacScaffold.app */ = {isa = PBXFileReference; explicitFileType = wrapper.application; includeInIndex = 0; path = MacScaffold.app; sourceTree = BUILT_PRODUCTS_DIR; };
		5C10C9F42B26667C000B1BA6 /* MacScaffoldApp.swift */ = {isa = PBXFileReference; lastKnownFileType = sourcecode.swift; path = MacScaffoldApp.swift; sourceTree = "<group>"; };
		5C10C9F62B26667C000B1BA6 /* ContentView.swift */ = {isa = PBXFileReference; lastKnownFileType = sourcecode.swift; path = ContentView.swift; sourceTree = "<group>"; };
		5C10C9F82B26667F000B1BA6 /* Assets.xcassets */ = {isa = PBXFileReference; lastKnownFileType = folder.assetcatalog; path = Assets.xcassets; sourceTree = "<group>"; };
		5C10C9FB2B26667F000B1BA6 /* Preview Assets.xcassets */ = {isa = PBXFileReference; lastKnownFileType = folder.assetcatalog; path = "Preview Assets.xcassets"; sourceTree = "<group>"; };
		5C10C9FD2B26667F000B1BA6 /* MacScaffold.entitlements */ = {isa = PBXFileReference; lastKnownFileType = text.plist.entitlements; path = MacScaffold.entitlements; sourceTree = "<group>"; };
		5C10CA062B267328000B1BA6 /* SettingsView.swift */ = {isa = PBXFileReference; lastKnownFileType = sourcecode.swift; path = SettingsView.swift; sourceTree = "<group>"; };
/* End PBXFileReference section */

/* Begin PBXFrameworksBuildPhase section */
		5C10C9EE2B26667C000B1BA6 /* Frameworks */ = {
			isa = PBXFrameworksBuildPhase;
			buildActionMask = 2147483647;
			files = (
				5C10CA052B26697E000B1BA6 /* Replicate in Frameworks */,
			);
			runOnlyForDeploymentPostprocessing = 0;
		};
/* End PBXFrameworksBuildPhase section */

/* Begin PBXGroup section */
		5C10C9E82B26667C000B1BA6 = {
			isa = PBXGroup;
			children = (
				5C10C9F32B26667C000B1BA6 /* MacScaffold */,
				5C10C9F22B26667C000B1BA6 /* Products */,
			);
			sourceTree = "<group>";
		};
		5C10C9F22B26667C000B1BA6 /* Products */ = {
			isa = PBXGroup;
			children = (
				5C10C9F12B26667C000B1BA6 /* MacScaffold.app */,
			);
			name = Products;
			sourceTree = "<group>";
		};
		5C10C9F32B26667C000B1BA6 /* MacScaffold */ = {
			isa = PBXGroup;
			children = (
				5C10C9F42B26667C000B1BA6 /* MacScaffoldApp.swift */,
				5C10C9F62B26667C000B1BA6 /* ContentView.swift */,
				5C10CA062B267328000B1BA6 /* SettingsView.swift */,
				5C10C9F82B26667F000B1BA6 /* Assets.xcassets */,
				5C10C9FD2B26667F000B1BA6 /* MacScaffold.entitlements */,
				5C10C9FA2B26667F000B1BA6 /* Preview Content */,
			);
			path = MacScaffold;
			sourceTree = "<group>";
		};
		5C10C9FA2B26667F000B1BA6 /* Preview Content */ = {
			isa = PBXGroup;
			children = (
				5C10C9FB2B26667F000B1BA6 /* Preview Assets.xcassets */,
			);
			path = "Preview Content";
			sourceTree = "<group>";
		};
/* End PBXGroup section */

/* Begin PBXNativeTarget section */
		5C10C9F02B26667C000B1BA6 /* MacScaffold */ = {
			isa = PBXNativeTarget;
			buildConfigurationList = 5C10CA002B26667F000B1BA6 /* Build configuration list for PBXNativeTarget "MacScaffold" */;
			buildPhases = (
				5C10C9ED2B26667C000B1BA6 /* Sources */,
				5C10C9EE2B26667C000B1BA6 /* Frameworks */,
				5C10C9EF2B26667C000B1BA6 /* Resources */,
			);
			buildRules = (
			);
			dependencies = (
			);
			name = MacScaffold;
			packageProductDependencies = (
				5C10CA042B26697E000B1BA6 /* Replicate */,
			);
			productName = MacScaffold;
			productReference = 5C10C9F12B26667C000B1BA6 /* MacScaffold.app */;
			productType = "com.apple.product-type.application";
		};
/* End PBXNativeTarget section */

/* Begin PBXProject section */
		5C10C9E92B26667C000B1BA6 /* Project object */ = {
			isa = PBXProject;
			attributes = {
				BuildIndependentTargetsInParallel = 1;
				LastSwiftUpdateCheck = 1500;
				LastUpgradeCheck = 1500;
				TargetAttributes = {
					5C10C9F02B26667C000B1BA6 = {
						CreatedOnToolsVersion = 15.0.1;
					};
				};
			};
			buildConfigurationList = 5C10C9EC2B26667C000B1BA6 /* Build configuration list for PBXProject "MacScaffold" */;
			compatibilityVersion = "Xcode 14.0";
			developmentRegion = en;
			hasScannedForEncodings = 0;
			knownRegions = (
				en,
				Base,
			);
			mainGroup = 5C10C9E82B26667C000B1BA6;
			packageReferences = (
				5C10CA032B26697D000B1BA6 /* XCRemoteSwiftPackageReference "replicate-swift" */,
			);
			productRefGroup = 5C10C9F22B26667C000B1BA6 /* Products */;
			projectDirPath = "";
			projectRoot = "";
			targets = (
				5C10C9F02B26667C000B1BA6 /* MacScaffold */,
			);
		};
/* End PBXProject section */

/* Begin PBXResourcesBuildPhase section */
		5C10C9EF2B26667C000B1BA6 /* Resources */ = {
			isa = PBXResourcesBuildPhase;
			buildActionMask = 2147483647;
			files = (
				5C10C9FC2B26667F000B1BA6 /* Preview Assets.xcassets in Resources */,
				5C10C9F92B26667F000B1BA6 /* Assets.xcassets in Resources */,
			);
			runOnlyForDeploymentPostprocessing = 0;
		};
/* End PBXResourcesBuildPhase section */

/* Begin PBXSourcesBuildPhase section */
		5C10C9ED2B26667C000B1BA6 /* Sources */ = {
			isa = PBXSourcesBuildPhase;
			buildActionMask = 2147483647;
			files = (
				5C10CA072B267328000B1BA6 /* SettingsView.swift in Sources */,
				5C10C9F72B26667C000B1BA6 /* ContentView.swift in Sources */,
				5C10C9F52B26667C000B1BA6 /* MacScaffoldApp.swift in Sources */,
			);
			runOnlyForDeploymentPostprocessing = 0;
		};
/* End PBXSourcesBuildPhase section */

/* Begin XCBuildConfiguration section */
		5C10C9FE2B26667F000B1BA6 /* Debug */ = {
			isa = XCBuildConfiguration;
			buildSettings = {
				ALWAYS_SEARCH_USER_PATHS = NO;
				ASSETCATALOG_COMPILER_GENERATE_SWIFT_ASSET_SYMBOL_EXTENSIONS = YES;
				CLANG_ANALYZER_NONNULL = YES;
				CLANG_ANALYZER_NUMBER_OBJECT_CONVERSION = YES_AGGRESSIVE;
				CLANG_CXX_LANGUAGE_STANDARD = "gnu++20";
				CLANG_ENABLE_MODULES = YES;
				CLANG_ENABLE_OBJC_ARC = YES;
				CLANG_ENABLE_OBJC_WEAK = YES;
				CLANG_WARN_BLOCK_CAPTURE_AUTORELEASING = YES;
				CLANG_WARN_BOOL_CONVERSION = YES;
				CLANG_WARN_COMMA = YES;
				CLANG_WARN_CONSTANT_CONVERSION = YES;
				CLANG_WARN_DEPRECATED_OBJC_IMPLEMENTATIONS = YES;
				CLANG_WARN_DIRECT_OBJC_ISA_USAGE = YES_ERROR;
				CLANG_WARN_DOCUMENTATION_COMMENTS = YES;
				CLANG_WARN_EMPTY_BODY = YES;
				CLANG_WARN_ENUM_CONVERSION = YES;
				CLANG_WARN_INFINITE_RECURSION = YES;
				CLANG_WARN_INT_CONVERSION = YES;
				CLANG_WARN_NON_LITERAL_NULL_CONVERSION = YES;
				CLANG_WARN_OBJC_IMPLICIT_RETAIN_SELF = YES;
				CLANG_WARN_OBJC_LITERAL_CONVERSION = YES;
				CLANG_WARN_OBJC_ROOT_CLASS = YES_ERROR;
				CLANG_WARN_QUOTED_INCLUDE_IN_FRAMEWORK_HEADER = YES;
				CLANG_WARN_RANGE_LOOP_ANALYSIS = YES;
				CLANG_WARN_STRICT_PROTOTYPES = YES;
				CLANG_WARN_SUSPICIOUS_MOVE = YES;
				CLANG_WARN_UNGUARDED_AVAILABILITY = YES_AGGRESSIVE;
				CLANG_WARN_UNREACHABLE_CODE = YES;
				CLANG_WARN__DUPLICATE_METHOD_MATCH = YES;
				COPY_PHASE_STRIP = NO;
				DEBUG_INFORMATION_FORMAT = dwarf;
				ENABLE_STRICT_OBJC_MSGSEND = YES;
				ENABLE_TESTABILITY = YES;
				ENABLE_USER_SCRIPT_SANDBOXING = YES;
				GCC_C_LANGUAGE_STANDARD = gnu17;
				GCC_DYNAMIC_NO_PIC = NO;
				GCC_NO_COMMON_BLOCKS = YES;
				GCC_OPTIMIZATION_LEVEL = 0;
				GCC_PREPROCESSOR_DEFINITIONS = (
					"DEBUG=1",
					"$(inherited)",
				);
				GCC_WARN_64_TO_32_BIT_CONVERSION = YES;
				GCC_WARN_ABOUT_RETURN_TYPE = YES_ERROR;
				GCC_WARN_UNDECLARED_SELECTOR = YES;
				GCC_WARN_UNINITIALIZED_AUTOS = YES_AGGRESSIVE;
				GCC_WARN_UNUSED_FUNCTION = YES;
				GCC_WARN_UNUSED_VARIABLE = YES;
				LOCALIZATION_PREFERS_STRING_CATALOGS = YES;
				MACOSX_DEPLOYMENT_TARGET = 14.0;
				MTL_ENABLE_DEBUG_INFO = INCLUDE_SOURCE;
				MTL_FAST_MATH = YES;
				ONLY_ACTIVE_ARCH = YES;
				SDKROOT = macosx;
				SWIFT_ACTIVE_COMPILATION_CONDITIONS = "DEBUG $(inherited)";
				SWIFT_OPTIMIZATION_LEVEL = "-Onone";
			};
			name = Debug;
		};
		5C10C9FF2B26667F000B1BA6 /* Release */ = {
			isa = XCBuildConfiguration;
			buildSettings = {
				ALWAYS_SEARCH_USER_PATHS = NO;
				ASSETCATALOG_COMPILER_GENERATE_SWIFT_ASSET_SYMBOL_EXTENSIONS = YES;
				CLANG_ANALYZER_NONNULL = YES;
				CLANG_ANALYZER_NUMBER_OBJECT_CONVERSION = YES_AGGRESSIVE;
				CLANG_CXX_LANGUAGE_STANDARD = "gnu++20";
				CLANG_ENABLE_MODULES = YES;
				CLANG_ENABLE_OBJC_ARC = YES;
				CLANG_ENABLE_OBJC_WEAK = YES;
				CLANG_WARN_BLOCK_CAPTURE_AUTORELEASING = YES;
				CLANG_WARN_BOOL_CONVERSION = YES;
				CLANG_WARN_COMMA = YES;
				CLANG_WARN_CONSTANT_CONVERSION = YES;
				CLANG_WARN_DEPRECATED_OBJC_IMPLEMENTATIONS = YES;
				CLANG_WARN_DIRECT_OBJC_ISA_USAGE = YES_ERROR;
				CLANG_WARN_DOCUMENTATION_COMMENTS = YES;
				CLANG_WARN_EMPTY_BODY = YES;
				CLANG_WARN_ENUM_CONVERSION = YES;
				CLANG_WARN_INFINITE_RECURSION = YES;
				CLANG_WARN_INT_CONVERSION = YES;
				CLANG_WARN_NON_LITERAL_NULL_CONVERSION = YES;
				CLANG_WARN_OBJC_IMPLICIT_RETAIN_SELF = YES;
				CLANG_WARN_OBJC_LITERAL_CONVERSION = YES;
				CLANG_WARN_OBJC_ROOT_CLASS = YES_ERROR;
				CLANG_WARN_QUOTED_INCLUDE_IN_FRAMEWORK_HEADER = YES;
				CLANG_WARN_RANGE_LOOP_ANALYSIS = YES;
				CLANG_WARN_STRICT_PROTOTYPES = YES;
				CLANG_WARN_SUSPICIOUS_MOVE = YES;
				CLANG_WARN_UNGUARDED_AVAILABILITY = YES_AGGRESSIVE;
				CLANG_WARN_UNREACHABLE_CODE = YES;
				CLANG_WARN__DUPLICATE_METHOD_MATCH = YES;
				COPY_PHASE_STRIP = NO;
				DEBUG_INFORMATION_FORMAT = "dwarf-with-dsym";
				ENABLE_NS_ASSERTIONS = NO;
				ENABLE_STRICT_OBJC_MSGSEND = YES;
				ENABLE_USER_SCRIPT_SANDBOXING = YES;
				GCC_C_LANGUAGE_STANDARD = gnu17;
				GCC_NO_COMMON_BLOCKS = YES;
				GCC_WARN_64_TO_32_BIT_CONVERSION = YES;
				GCC_WARN_ABOUT_RETURN_TYPE = YES_ERROR;
				GCC_WARN_UNDECLARED_SELECTOR = YES;
				GCC_WARN_UNINITIALIZED_AUTOS = YES_AGGRESSIVE;
				GCC_WARN_UNUSED_FUNCTION = YES;
				GCC_WARN_UNUSED_VARIABLE = YES;
				LOCALIZATION_PREFERS_STRING_CATALOGS = YES;
				MACOSX_DEPLOYMENT_TARGET = 14.0;
				MTL_ENABLE_DEBUG_INFO = NO;
				MTL_FAST_MATH = YES;
				SDKROOT = macosx;
				SWIFT_COMPILATION_MODE = wholemodule;
			};
			name = Release;
		};
		5C10CA012B26667F000B1BA6 /* Debug */ = {
			isa = XCBuildConfiguration;
			buildSettings = {
				ASSETCATALOG_COMPILER_APPICON_NAME = AppIcon;
				ASSETCATALOG_COMPILER_GLOBAL_ACCENT_COLOR_NAME = AccentColor;
				CODE_SIGN_ENTITLEMENTS = MacScaffold/MacScaffold.entitlements;
				CODE_SIGN_STYLE = Automatic;
				COMBINE_HIDPI_IMAGES = YES;
				CURRENT_PROJECT_VERSION = 1;
				DEVELOPMENT_ASSET_PATHS = "\"MacScaffold/Preview Content\"";
				DEVELOPMENT_TEAM = 27XN666UJ7;
				ENABLE_HARDENED_RUNTIME = YES;
				ENABLE_PREVIEWS = YES;
				GENERATE_INFOPLIST_FILE = YES;
				INFOPLIST_KEY_NSHumanReadableCopyright = "";
				LD_RUNPATH_SEARCH_PATHS = (
					"$(inherited)",
					"@executable_path/../Frameworks",
				);
				MARKETING_VERSION = 1.0;
				PRODUCT_BUNDLE_IDENTIFIER = Charlie.MacScaffold;
				PRODUCT_NAME = "$(TARGET_NAME)";
				SWIFT_EMIT_LOC_STRINGS = YES;
				SWIFT_VERSION = 5.0;
			};
			name = Debug;
		};
		5C10CA022B26667F000B1BA6 /* Release */ = {
			isa = XCBuildConfiguration;
			buildSettings = {
				ASSETCATALOG_COMPILER_APPICON_NAME = AppIcon;
				ASSETCATALOG_COMPILER_GLOBAL_ACCENT_COLOR_NAME = AccentColor;
				CODE_SIGN_ENTITLEMENTS = MacScaffold/MacScaffold.entitlements;
				CODE_SIGN_STYLE = Automatic;
				COMBINE_HIDPI_IMAGES = YES;
				CURRENT_PROJECT_VERSION = 1;
				DEVELOPMENT_ASSET_PATHS = "\"MacScaffold/Preview Content\"";
				DEVELOPMENT_TEAM = 27XN666UJ7;
				ENABLE_HARDENED_RUNTIME = YES;
				ENABLE_PREVIEWS = YES;
				GENERATE_INFOPLIST_FILE = YES;
				INFOPLIST_KEY_NSHumanReadableCopyright = "";
				LD_RUNPATH_SEARCH_PATHS = (
					"$(inherited)",
					"@executable_path/../Frameworks",
				);
				MARKETING_VERSION = 1.0;
				PRODUCT_BUNDLE_IDENTIFIER = Charlie.MacScaffold;
				PRODUCT_NAME = "$(TARGET_NAME)";
				SWIFT_EMIT_LOC_STRINGS = YES;
				SWIFT_VERSION = 5.0;
			};
			name = Release;
		};
/* End XCBuildConfiguration section */

/* Begin XCConfigurationList section */
		5C10C9EC2B26667C000B1BA6 /* Build configuration list for PBXProject "MacScaffold" */ = {
			isa = XCConfigurationList;
			buildConfigurations = (
				5C10C9FE2B26667F000B1BA6 /* Debug */,
				5C10C9FF2B26667F000B1BA6 /* Release */,
			);
			defaultConfigurationIsVisible = 0;
			defaultConfigurationName = Release;
		};
		5C10CA002B26667F000B1BA6 /* Build configuration list for PBXNativeTarget "MacScaffold" */ = {
			isa = XCConfigurationList;
			buildConfigurations = (
				5C10CA012B26667F000B1BA6 /* Debug */,
				5C10CA022B26667F000B1BA6 /* Release */,
			);
			defaultConfigurationIsVisible = 0;
			defaultConfigurationName = Release;
		};
/* End XCConfigurationList section */

/* Begin XCRemoteSwiftPackageReference section */
		5C10CA032B26697D000B1BA6 /* XCRemoteSwiftPackageReference "replicate-swift" */ = {
			isa = XCRemoteSwiftPackageReference;
			repositoryURL = "https://github.com/replicate/replicate-swift";
			requirement = {
				kind = upToNextMajorVersion;
				minimumVersion = 0.19.0;
			};
		};
/* End XCRemoteSwiftPackageReference section */

/* Begin XCSwiftPackageProductDependency section */
		5C10CA042B26697E000B1BA6 /* Replicate */ = {
			isa = XCSwiftPackageProductDependency;
			package = 5C10CA032B26697D000B1BA6 /* XCRemoteSwiftPackageReference "replicate-swift" */;
			productName = Replicate;
		};
/* End XCSwiftPackageProductDependency section */
	};
	rootObject = 5C10C9E92B26667C000B1BA6 /* Project object */;
}
